// !$*UTF8*$!
{
	archiveVersion = 1;
	classes = {
	};
	objectVersion = 51;
	objects = {

/* Begin PBXBuildFile section */
		00D6BB8093F885A4153D11CF /* Repository.framework in Frameworks */ = {isa = PBXBuildFile; fileRef = 6F579523FF6CA05773C75F5F /* Repository.framework */; };
		0EC196D9593EA1163BA5AF85 /* AppDelegate.swift in Sources */ = {isa = PBXBuildFile; fileRef = 69B6CE44F9326719F51C1B9C /* AppDelegate.swift */; };
		188B9295329CFC94D3E008B4 /* BaseObject.swift in Sources */ = {isa = PBXBuildFile; fileRef = 5A4A56A06C1956A922311771 /* BaseObject.swift */; };
		18C9DFAF044310B77682B4E6 /* Realm.framework in Frameworks */ = {isa = PBXBuildFile; fileRef = CA4BBDCAA06AA8CF10E2A341 /* Realm.framework */; };
		1F6025CCCED9B769CAFEFA18 /* GenericItemRepository.swift in Sources */ = {isa = PBXBuildFile; fileRef = 6417F8979D8AB3919E2AEF26 /* GenericItemRepository.swift */; };
		233050937928383305C3A323 /* Film.swift in Sources */ = {isa = PBXBuildFile; fileRef = BB555DC8F24334C482ADF927 /* Film.swift */; };
		325C3B83C39CA7F339F699BA /* RealmSwift.framework in Embed Frameworks */ = {isa = PBXBuildFile; fileRef = 6688303D3E338ADE9F520ACA /* RealmSwift.framework */; settings = {ATTRIBUTES = (CodeSignOnCopy, RemoveHeadersOnCopy, ); }; };
		38A80C9BACEBAEB4F9AE4B48 /* FilmRepository.swift in Sources */ = {isa = PBXBuildFile; fileRef = 0E84C89D9DCE74F4804C13C9 /* FilmRepository.swift */; };
		3F36493B267DE2742700C20B /* DatabaseTests.swift in Sources */ = {isa = PBXBuildFile; fileRef = BCC9A8A2E781A71FBA7F2898 /* DatabaseTests.swift */; };
		4FDD5FFE7B9820A85655C312 /* ViewController.swift in Sources */ = {isa = PBXBuildFile; fileRef = 5F35D87841D03B63B099508A /* ViewController.swift */; };
		5BF052E2C73BE1C67BFC7742 /* RealmSwift.framework in Frameworks */ = {isa = PBXBuildFile; fileRef = 6688303D3E338ADE9F520ACA /* RealmSwift.framework */; };
		5F6413D0225A318681D4E98E /* Repository.framework in Embed Frameworks */ = {isa = PBXBuildFile; fileRef = 6F579523FF6CA05773C75F5F /* Repository.framework */; settings = {ATTRIBUTES = (CodeSignOnCopy, RemoveHeadersOnCopy, ); }; };
		753C2433BD36C6CA32C41954 /* Assets.xcassets in Resources */ = {isa = PBXBuildFile; fileRef = 5496AFBB4164E1DD0145FB5F /* Assets.xcassets */; };
		79725AEB65D6868D21852680 /* Repository.framework in Frameworks */ = {isa = PBXBuildFile; fileRef = 6F579523FF6CA05773C75F5F /* Repository.framework */; };
		83CF1CBACE62CF35F27BB77D /* Repository.framework in Embed Frameworks */ = {isa = PBXBuildFile; fileRef = 6F579523FF6CA05773C75F5F /* Repository.framework */; settings = {ATTRIBUTES = (CodeSignOnCopy, RemoveHeadersOnCopy, ); }; };
		927B04492B6FE208586CC566 /* Main.storyboard in Resources */ = {isa = PBXBuildFile; fileRef = 4076B430461A47F9DA32711F /* Main.storyboard */; };
		92CB8318042999E788538295 /* Realm.framework in Embed Frameworks */ = {isa = PBXBuildFile; fileRef = CA4BBDCAA06AA8CF10E2A341 /* Realm.framework */; settings = {ATTRIBUTES = (CodeSignOnCopy, RemoveHeadersOnCopy, ); }; };
		A12A8DBD859BD2D0A5042B49 /* Realm.framework in Embed Frameworks */ = {isa = PBXBuildFile; fileRef = CA4BBDCAA06AA8CF10E2A341 /* Realm.framework */; settings = {ATTRIBUTES = (CodeSignOnCopy, RemoveHeadersOnCopy, ); }; };
		CE20F2D2550584FF2761AFB9 /* RepositoryTests.swift in Sources */ = {isa = PBXBuildFile; fileRef = 69FC178637D14A2ED7429BD3 /* RepositoryTests.swift */; };
		ECACBDC01A9E922A330900C3 /* IDatabase.swift in Sources */ = {isa = PBXBuildFile; fileRef = E889BCA87F7AD4871245143C /* IDatabase.swift */; };
		F26D01F51D0F392946194E23 /* IBaseRepository.swift in Sources */ = {isa = PBXBuildFile; fileRef = 969C6B14ED17F5444A299F9B /* IBaseRepository.swift */; };
		F53798C3B58FD39169CA6260 /* RealmSwift.framework in Embed Frameworks */ = {isa = PBXBuildFile; fileRef = 6688303D3E338ADE9F520ACA /* RealmSwift.framework */; settings = {ATTRIBUTES = (CodeSignOnCopy, RemoveHeadersOnCopy, ); }; };
		FEB10CC391C36041AAED7026 /* Database.swift in Sources */ = {isa = PBXBuildFile; fileRef = 01F519E93C4ADA4EB97E0969 /* Database.swift */; };
/* End PBXBuildFile section */

/* Begin PBXContainerItemProxy section */
		4E116046ECD9E7E0E00E27AA /* PBXContainerItemProxy */ = {
			isa = PBXContainerItemProxy;
			containerPortal = D776D4FCF51BF7CA8714C709 /* Project object */;
			proxyType = 1;
			remoteGlobalIDString = 1D2AB1734E89DD04E08514BF;
			remoteInfo = Repository;
		};
		E89893B678FE85D5081709D8 /* PBXContainerItemProxy */ = {
			isa = PBXContainerItemProxy;
			containerPortal = D776D4FCF51BF7CA8714C709 /* Project object */;
			proxyType = 1;
			remoteGlobalIDString = 1D2AB1734E89DD04E08514BF;
			remoteInfo = Repository;
		};
/* End PBXContainerItemProxy section */

/* Begin PBXCopyFilesBuildPhase section */
		7BB4A055D7145FD6A6915FA3 /* Embed Frameworks */ = {
			isa = PBXCopyFilesBuildPhase;
			buildActionMask = 2147483647;
			dstPath = "";
			dstSubfolderSpec = 10;
			files = (
				5F6413D0225A318681D4E98E /* Repository.framework in Embed Frameworks */,
				92CB8318042999E788538295 /* Realm.framework in Embed Frameworks */,
				F53798C3B58FD39169CA6260 /* RealmSwift.framework in Embed Frameworks */,
			);
			name = "Embed Frameworks";
			runOnlyForDeploymentPostprocessing = 0;
		};
		91EE5845A923942DC21F97E3 /* Embed Frameworks */ = {
			isa = PBXCopyFilesBuildPhase;
			buildActionMask = 2147483647;
			dstPath = "";
			dstSubfolderSpec = 10;
			files = (
				83CF1CBACE62CF35F27BB77D /* Repository.framework in Embed Frameworks */,
				A12A8DBD859BD2D0A5042B49 /* Realm.framework in Embed Frameworks */,
				325C3B83C39CA7F339F699BA /* RealmSwift.framework in Embed Frameworks */,
			);
			name = "Embed Frameworks";
			runOnlyForDeploymentPostprocessing = 0;
		};
/* End PBXCopyFilesBuildPhase section */

/* Begin PBXFileReference section */
		002EFEE5662F4B560EA9EB9E /* Sample.app */ = {isa = PBXFileReference; explicitFileType = wrapper.application; includeInIndex = 0; path = Sample.app; sourceTree = BUILT_PRODUCTS_DIR; };
		01F519E93C4ADA4EB97E0969 /* Database.swift */ = {isa = PBXFileReference; lastKnownFileType = sourcecode.swift; path = Database.swift; sourceTree = "<group>"; };
		0E84C89D9DCE74F4804C13C9 /* FilmRepository.swift */ = {isa = PBXFileReference; lastKnownFileType = sourcecode.swift; path = FilmRepository.swift; sourceTree = "<group>"; };
		0F9FACA39794784A7FBF666B /* Repository-Release.xcconfig */ = {isa = PBXFileReference; lastKnownFileType = text.xcconfig; path = "Repository-Release.xcconfig"; sourceTree = "<group>"; };
		4662E68C62FD4530B4D39CB0 /* Sample-Release.xcconfig */ = {isa = PBXFileReference; lastKnownFileType = text.xcconfig; path = "Sample-Release.xcconfig"; sourceTree = "<group>"; };
		4C255B658A772CC5763912F4 /* RepositoryTests.xctest */ = {isa = PBXFileReference; explicitFileType = wrapper.cfbundle; includeInIndex = 0; path = RepositoryTests.xctest; sourceTree = BUILT_PRODUCTS_DIR; };
		51086EAE06F6B70330BDB5FE /* Repository-Debug.xcconfig */ = {isa = PBXFileReference; lastKnownFileType = text.xcconfig; path = "Repository-Debug.xcconfig"; sourceTree = "<group>"; };
		5496AFBB4164E1DD0145FB5F /* Assets.xcassets */ = {isa = PBXFileReference; lastKnownFileType = folder.assetcatalog; path = Assets.xcassets; sourceTree = "<group>"; };
		5A4A56A06C1956A922311771 /* BaseObject.swift */ = {isa = PBXFileReference; lastKnownFileType = sourcecode.swift; path = BaseObject.swift; sourceTree = "<group>"; };
		5F35D87841D03B63B099508A /* ViewController.swift */ = {isa = PBXFileReference; lastKnownFileType = sourcecode.swift; path = ViewController.swift; sourceTree = "<group>"; };
		6417F8979D8AB3919E2AEF26 /* GenericItemRepository.swift */ = {isa = PBXFileReference; lastKnownFileType = sourcecode.swift; path = GenericItemRepository.swift; sourceTree = "<group>"; };
		6688303D3E338ADE9F520ACA /* RealmSwift.framework */ = {isa = PBXFileReference; lastKnownFileType = wrapper.framework; path = RealmSwift.framework; sourceTree = "<group>"; };
		67247B8883A3A8C3FE4CE206 /* Info.plist */ = {isa = PBXFileReference; lastKnownFileType = text.plist; path = Info.plist; sourceTree = "<group>"; };
		69B6CE44F9326719F51C1B9C /* AppDelegate.swift */ = {isa = PBXFileReference; lastKnownFileType = sourcecode.swift; path = AppDelegate.swift; sourceTree = "<group>"; };
		69FC178637D14A2ED7429BD3 /* RepositoryTests.swift */ = {isa = PBXFileReference; lastKnownFileType = sourcecode.swift; path = RepositoryTests.swift; sourceTree = "<group>"; };
		6F579523FF6CA05773C75F5F /* Repository.framework */ = {isa = PBXFileReference; explicitFileType = wrapper.framework; includeInIndex = 0; path = Repository.framework; sourceTree = BUILT_PRODUCTS_DIR; };
		75DD94E4B3851A4ABC100CE5 /* RepositoryTests-Debug.xcconfig */ = {isa = PBXFileReference; lastKnownFileType = text.xcconfig; path = "RepositoryTests-Debug.xcconfig"; sourceTree = "<group>"; };
		969C6B14ED17F5444A299F9B /* IBaseRepository.swift */ = {isa = PBXFileReference; lastKnownFileType = sourcecode.swift; path = IBaseRepository.swift; sourceTree = "<group>"; };
		A2EA21A029A378EB2594684F /* Sample.entitlements */ = {isa = PBXFileReference; lastKnownFileType = text.plist.entitlements; path = Sample.entitlements; sourceTree = "<group>"; };
		A8126F6F51D5E25470C3BF09 /* Sample-Debug.xcconfig */ = {isa = PBXFileReference; lastKnownFileType = text.xcconfig; path = "Sample-Debug.xcconfig"; sourceTree = "<group>"; };
		BB555DC8F24334C482ADF927 /* Film.swift */ = {isa = PBXFileReference; lastKnownFileType = sourcecode.swift; path = Film.swift; sourceTree = "<group>"; };
		BCC9A8A2E781A71FBA7F2898 /* DatabaseTests.swift */ = {isa = PBXFileReference; lastKnownFileType = sourcecode.swift; path = DatabaseTests.swift; sourceTree = "<group>"; };
		CA4BBDCAA06AA8CF10E2A341 /* Realm.framework */ = {isa = PBXFileReference; lastKnownFileType = wrapper.framework; path = Realm.framework; sourceTree = "<group>"; };
		D73C4698099C1412880DDD67 /* RepositoryTests-Release.xcconfig */ = {isa = PBXFileReference; lastKnownFileType = text.xcconfig; path = "RepositoryTests-Release.xcconfig"; sourceTree = "<group>"; };
		DA64D7BC0911B5463D2E1846 /* Base */ = {isa = PBXFileReference; lastKnownFileType = file.storyboard; name = Base; path = Base.lproj/Main.storyboard; sourceTree = "<group>"; };
		E308B8D671DA51F7D503435F /* Info.plist */ = {isa = PBXFileReference; lastKnownFileType = text.plist; path = Info.plist; sourceTree = "<group>"; };
		E889BCA87F7AD4871245143C /* IDatabase.swift */ = {isa = PBXFileReference; lastKnownFileType = sourcecode.swift; path = IDatabase.swift; sourceTree = "<group>"; };
/* End PBXFileReference section */

/* Begin PBXFrameworksBuildPhase section */
		0FB70FF4FEA1761F17FE1173 /* Frameworks */ = {
			isa = PBXFrameworksBuildPhase;
			buildActionMask = 2147483647;
			files = (
				18C9DFAF044310B77682B4E6 /* Realm.framework in Frameworks */,
				5BF052E2C73BE1C67BFC7742 /* RealmSwift.framework in Frameworks */,
			);
			runOnlyForDeploymentPostprocessing = 0;
		};
		38FFD09AE8882DA767050547 /* Frameworks */ = {
			isa = PBXFrameworksBuildPhase;
			buildActionMask = 2147483647;
			files = (
				00D6BB8093F885A4153D11CF /* Repository.framework in Frameworks */,
			);
			runOnlyForDeploymentPostprocessing = 0;
		};
		94F3259B4551E55370BF9EE2 /* Frameworks */ = {
			isa = PBXFrameworksBuildPhase;
			buildActionMask = 2147483647;
			files = (
				79725AEB65D6868D21852680 /* Repository.framework in Frameworks */,
			);
			runOnlyForDeploymentPostprocessing = 0;
		};
/* End PBXFrameworksBuildPhase section */

/* Begin PBXGroup section */
		3D20E94C242CFF55EA706CF2 /* Sources */ = {
			isa = PBXGroup;
			children = (
				BB555DC8F24334C482ADF927 /* Film.swift */,
				0E84C89D9DCE74F4804C13C9 /* FilmRepository.swift */,
				A584DF5BC7BED80B9F1A7FAC /* infrastructure */,
			);
			path = Sources;
			sourceTree = "<group>";
		};
		43D714972A84D2AAC5A54C5A /* Tests */ = {
			isa = PBXGroup;
			children = (
				BCC9A8A2E781A71FBA7F2898 /* DatabaseTests.swift */,
				E308B8D671DA51F7D503435F /* Info.plist */,
				69FC178637D14A2ED7429BD3 /* RepositoryTests.swift */,
			);
			path = Tests;
			sourceTree = "<group>";
		};
		5C8FA6AA252FA795FD1C19DD /* configs */ = {
			isa = PBXGroup;
			children = (
				51086EAE06F6B70330BDB5FE /* Repository-Debug.xcconfig */,
				0F9FACA39794784A7FBF666B /* Repository-Release.xcconfig */,
				75DD94E4B3851A4ABC100CE5 /* RepositoryTests-Debug.xcconfig */,
				D73C4698099C1412880DDD67 /* RepositoryTests-Release.xcconfig */,
				A8126F6F51D5E25470C3BF09 /* Sample-Debug.xcconfig */,
				4662E68C62FD4530B4D39CB0 /* Sample-Release.xcconfig */,
			);
			path = configs;
			sourceTree = "<group>";
		};
		5DD9E0D03C122068948E3C8D = {
			isa = PBXGroup;
			children = (
				5C8FA6AA252FA795FD1C19DD /* configs */,
				A3BEEFA8D1BD741D10AF99BA /* Repository */,
				C09F45D05CC14E359E8BB5B9 /* Sample */,
				43D714972A84D2AAC5A54C5A /* Tests */,
				AAE649489D78DD6539EEB5FF /* Frameworks */,
				B9E40665B322982A6453CC4E /* Products */,
			);
			sourceTree = "<group>";
		};
		725D06149DA2B0E388375527 /* Sources */ = {
			isa = PBXGroup;
			children = (
				69B6CE44F9326719F51C1B9C /* AppDelegate.swift */,
				5496AFBB4164E1DD0145FB5F /* Assets.xcassets */,
				4076B430461A47F9DA32711F /* Main.storyboard */,
				5F35D87841D03B63B099508A /* ViewController.swift */,
			);
			path = Sources;
			sourceTree = "<group>";
		};
		A3BEEFA8D1BD741D10AF99BA /* Repository */ = {
			isa = PBXGroup;
			children = (
				3D20E94C242CFF55EA706CF2 /* Sources */,
			);
			path = Repository;
			sourceTree = "<group>";
		};
		A463E98495688604286D324C /* Carthage */ = {
			isa = PBXGroup;
			children = (
				A612D447E0204D98CD4C48BA /* Mac */,
			);
			name = Carthage;
			path = Carthage/Build;
			sourceTree = "<group>";
		};
		A584DF5BC7BED80B9F1A7FAC /* infrastructure */ = {
			isa = PBXGroup;
			children = (
				5A4A56A06C1956A922311771 /* BaseObject.swift */,
				01F519E93C4ADA4EB97E0969 /* Database.swift */,
				6417F8979D8AB3919E2AEF26 /* GenericItemRepository.swift */,
				969C6B14ED17F5444A299F9B /* IBaseRepository.swift */,
				E889BCA87F7AD4871245143C /* IDatabase.swift */,
			);
			path = infrastructure;
			sourceTree = "<group>";
		};
		A612D447E0204D98CD4C48BA /* Mac */ = {
			isa = PBXGroup;
			children = (
				CA4BBDCAA06AA8CF10E2A341 /* Realm.framework */,
				6688303D3E338ADE9F520ACA /* RealmSwift.framework */,
			);
			path = Mac;
			sourceTree = "<group>";
		};
		AAE649489D78DD6539EEB5FF /* Frameworks */ = {
			isa = PBXGroup;
			children = (
				A463E98495688604286D324C /* Carthage */,
			);
			name = Frameworks;
			sourceTree = "<group>";
		};
		B9E40665B322982A6453CC4E /* Products */ = {
			isa = PBXGroup;
			children = (
				6F579523FF6CA05773C75F5F /* Repository.framework */,
				4C255B658A772CC5763912F4 /* RepositoryTests.xctest */,
				002EFEE5662F4B560EA9EB9E /* Sample.app */,
			);
			name = Products;
			sourceTree = "<group>";
		};
		C09F45D05CC14E359E8BB5B9 /* Sample */ = {
			isa = PBXGroup;
			children = (
				67247B8883A3A8C3FE4CE206 /* Info.plist */,
				A2EA21A029A378EB2594684F /* Sample.entitlements */,
				725D06149DA2B0E388375527 /* Sources */,
			);
			path = Sample;
			sourceTree = "<group>";
		};
/* End PBXGroup section */

/* Begin PBXNativeTarget section */
		1D2AB1734E89DD04E08514BF /* Repository */ = {
			isa = PBXNativeTarget;
			buildConfigurationList = D3D537516A62B1120ED0BF47 /* Build configuration list for PBXNativeTarget "Repository" */;
			buildPhases = (
				9E07F934F5242885DDEE70C1 /* Sources */,
				0FB70FF4FEA1761F17FE1173 /* Frameworks */,
			);
			buildRules = (
			);
			dependencies = (
			);
			name = Repository;
			productName = Repository;
			productReference = 6F579523FF6CA05773C75F5F /* Repository.framework */;
			productType = "com.apple.product-type.framework";
		};
		85B3BB9D81B9AA956A4FCEB7 /* Sample */ = {
			isa = PBXNativeTarget;
			buildConfigurationList = 8FBFF356271EB96CD94BD3FC /* Build configuration list for PBXNativeTarget "Sample" */;
			buildPhases = (
				3C00437CD9CBCF2C01061617 /* Sources */,
				CBFEE858EDDDD518172D5166 /* Resources */,
				94F3259B4551E55370BF9EE2 /* Frameworks */,
				7BB4A055D7145FD6A6915FA3 /* Embed Frameworks */,
			);
			buildRules = (
			);
			dependencies = (
				4599827643920ACD18AF9CC1 /* PBXTargetDependency */,
			);
			name = Sample;
			productName = Sample;
			productReference = 002EFEE5662F4B560EA9EB9E /* Sample.app */;
			productType = "com.apple.product-type.application";
		};
		E227DA11F88E56EFAEBAD447 /* RepositoryTests */ = {
			isa = PBXNativeTarget;
			buildConfigurationList = 3DA6B3319816C335CB014CC5 /* Build configuration list for PBXNativeTarget "RepositoryTests" */;
			buildPhases = (
				A8A9C3444CF567EF2CB598FD /* Sources */,
				38FFD09AE8882DA767050547 /* Frameworks */,
				91EE5845A923942DC21F97E3 /* Embed Frameworks */,
			);
			buildRules = (
			);
			dependencies = (
				DB292DB2F9379AEE25A91680 /* PBXTargetDependency */,
			);
			name = RepositoryTests;
			productName = RepositoryTests;
			productReference = 4C255B658A772CC5763912F4 /* RepositoryTests.xctest */;
			productType = "com.apple.product-type.bundle.unit-test";
		};
/* End PBXNativeTarget section */

/* Begin PBXProject section */
		D776D4FCF51BF7CA8714C709 /* Project object */ = {
			isa = PBXProject;
			attributes = {
				LastUpgradeCheck = 1020;
			};
			buildConfigurationList = DAEAABCA4F1BDA57B6C50343 /* Build configuration list for PBXProject "Repository" */;
			compatibilityVersion = "Xcode 10.0";
			developmentRegion = en;
			hasScannedForEncodings = 0;
			knownRegions = (
				en,
				Base,
			);
			mainGroup = 5DD9E0D03C122068948E3C8D;
			projectDirPath = "";
			projectRoot = "";
			targets = (
				1D2AB1734E89DD04E08514BF /* Repository */,
				E227DA11F88E56EFAEBAD447 /* RepositoryTests */,
				85B3BB9D81B9AA956A4FCEB7 /* Sample */,
			);
		};
/* End PBXProject section */

/* Begin PBXResourcesBuildPhase section */
		CBFEE858EDDDD518172D5166 /* Resources */ = {
			isa = PBXResourcesBuildPhase;
			buildActionMask = 2147483647;
			files = (
				753C2433BD36C6CA32C41954 /* Assets.xcassets in Resources */,
				927B04492B6FE208586CC566 /* Main.storyboard in Resources */,
			);
			runOnlyForDeploymentPostprocessing = 0;
		};
/* End PBXResourcesBuildPhase section */

/* Begin PBXSourcesBuildPhase section */
		3C00437CD9CBCF2C01061617 /* Sources */ = {
			isa = PBXSourcesBuildPhase;
			buildActionMask = 2147483647;
			files = (
				0EC196D9593EA1163BA5AF85 /* AppDelegate.swift in Sources */,
				4FDD5FFE7B9820A85655C312 /* ViewController.swift in Sources */,
			);
			runOnlyForDeploymentPostprocessing = 0;
		};
		9E07F934F5242885DDEE70C1 /* Sources */ = {
			isa = PBXSourcesBuildPhase;
			buildActionMask = 2147483647;
			files = (
				188B9295329CFC94D3E008B4 /* BaseObject.swift in Sources */,
				FEB10CC391C36041AAED7026 /* Database.swift in Sources */,
				233050937928383305C3A323 /* Film.swift in Sources */,
				38A80C9BACEBAEB4F9AE4B48 /* FilmRepository.swift in Sources */,
				1F6025CCCED9B769CAFEFA18 /* GenericItemRepository.swift in Sources */,
				F26D01F51D0F392946194E23 /* IBaseRepository.swift in Sources */,
				ECACBDC01A9E922A330900C3 /* IDatabase.swift in Sources */,
			);
			runOnlyForDeploymentPostprocessing = 0;
		};
		A8A9C3444CF567EF2CB598FD /* Sources */ = {
			isa = PBXSourcesBuildPhase;
			buildActionMask = 2147483647;
			files = (
				3F36493B267DE2742700C20B /* DatabaseTests.swift in Sources */,
				CE20F2D2550584FF2761AFB9 /* RepositoryTests.swift in Sources */,
			);
			runOnlyForDeploymentPostprocessing = 0;
		};
/* End PBXSourcesBuildPhase section */

/* Begin PBXTargetDependency section */
		4599827643920ACD18AF9CC1 /* PBXTargetDependency */ = {
			isa = PBXTargetDependency;
			target = 1D2AB1734E89DD04E08514BF /* Repository */;
			targetProxy = E89893B678FE85D5081709D8 /* PBXContainerItemProxy */;
		};
		DB292DB2F9379AEE25A91680 /* PBXTargetDependency */ = {
			isa = PBXTargetDependency;
			target = 1D2AB1734E89DD04E08514BF /* Repository */;
			targetProxy = 4E116046ECD9E7E0E00E27AA /* PBXContainerItemProxy */;
		};
/* End PBXTargetDependency section */

/* Begin PBXVariantGroup section */
		4076B430461A47F9DA32711F /* Main.storyboard */ = {
			isa = PBXVariantGroup;
			children = (
				DA64D7BC0911B5463D2E1846 /* Base */,
			);
			name = Main.storyboard;
			sourceTree = "<group>";
		};
/* End PBXVariantGroup section */

/* Begin XCBuildConfiguration section */
		0C6A620A4C8E345E889E938A /* Release */ = {
			isa = XCBuildConfiguration;
			baseConfigurationReference = D73C4698099C1412880DDD67 /* RepositoryTests-Release.xcconfig */;
			buildSettings = {
				BUNDLE_LOADER = "$(TEST_HOST)";
				CODE_SIGN_IDENTITY = "";
				COMBINE_HIDPI_IMAGES = YES;
				FRAMEWORK_SEARCH_PATHS = (
					"$(inherited)",
					"$(PROJECT_DIR)/Carthage/Build/Mac",
				);
				INFOPLIST_FILE = Tests/Info.plist;
				LD_RUNPATH_SEARCH_PATHS = (
					"$(inherited)",
					"@executable_path/../Frameworks",
					"@loader_path/../Frameworks",
				);
				SDKROOT = macosx;
			};
			name = Release;
		};
		187862D01A13EFF6C21D3059 /* Debug */ = {
			isa = XCBuildConfiguration;
			baseConfigurationReference = A8126F6F51D5E25470C3BF09 /* Sample-Debug.xcconfig */;
			buildSettings = {
				ASSETCATALOG_COMPILER_APPICON_NAME = AppIcon;
				COMBINE_HIDPI_IMAGES = YES;
				FRAMEWORK_SEARCH_PATHS = (
					"$(inherited)",
					"$(PROJECT_DIR)/Carthage/Build/Mac",
				);
				INFOPLIST_FILE = Sample/Info.plist;
				LD_RUNPATH_SEARCH_PATHS = (
					"$(inherited)",
					"@executable_path/../Frameworks",
				);
				SDKROOT = macosx;
			};
			name = Debug;
		};
		83B18C5CDD1A1C8F2A36E6F2 /* Debug */ = {
			isa = XCBuildConfiguration;
			baseConfigurationReference = 75DD94E4B3851A4ABC100CE5 /* RepositoryTests-Debug.xcconfig */;
			buildSettings = {
				BUNDLE_LOADER = "$(TEST_HOST)";
				CODE_SIGN_IDENTITY = "";
				COMBINE_HIDPI_IMAGES = YES;
				FRAMEWORK_SEARCH_PATHS = (
					"$(inherited)",
					"$(PROJECT_DIR)/Carthage/Build/Mac",
				);
				INFOPLIST_FILE = Tests/Info.plist;
				LD_RUNPATH_SEARCH_PATHS = (
					"$(inherited)",
					"@executable_path/../Frameworks",
					"@loader_path/../Frameworks",
				);
				SDKROOT = macosx;
			};
			name = Debug;
		};
		8A8C5921ED469D6D4673BC6C /* Release */ = {
			isa = XCBuildConfiguration;
			baseConfigurationReference = 0F9FACA39794784A7FBF666B /* Repository-Release.xcconfig */;
			buildSettings = {
				CODE_SIGN_IDENTITY = "";
				COMBINE_HIDPI_IMAGES = YES;
				CURRENT_PROJECT_VERSION = 1;
				DEFINES_MODULE = YES;
				DYLIB_COMPATIBILITY_VERSION = 1;
				DYLIB_CURRENT_VERSION = 1;
				DYLIB_INSTALL_NAME_BASE = "@rpath";
				FRAMEWORK_SEARCH_PATHS = (
					"$(inherited)",
					"$(PROJECT_DIR)/Carthage/Build/Mac",
				);
				INSTALL_PATH = "$(LOCAL_LIBRARY_DIR)/Frameworks";
				LD_RUNPATH_SEARCH_PATHS = (
					"$(inherited)",
					"@executable_path/../Frameworks",
				);
				SDKROOT = macosx;
				SKIP_INSTALL = YES;
				VERSIONING_SYSTEM = "apple-generic";
			};
			name = Release;
		};
		CA3FE08D945806877F69B4FC /* Debug */ = {
			isa = XCBuildConfiguration;
			buildSettings = {
				ALWAYS_SEARCH_USER_PATHS = NO;
				CLANG_ANALYZER_NONNULL = YES;
				CLANG_ANALYZER_NUMBER_OBJECT_CONVERSION = YES_AGGRESSIVE;
				CLANG_CXX_LANGUAGE_STANDARD = "gnu++14";
				CLANG_CXX_LIBRARY = "libc++";
				CLANG_ENABLE_MODULES = YES;
				CLANG_ENABLE_OBJC_ARC = YES;
				CLANG_WARN_BLOCK_CAPTURE_AUTORELEASING = YES;
				CLANG_WARN_BOOL_CONVERSION = YES;
				CLANG_WARN_COMMA = YES;
				CLANG_WARN_CONSTANT_CONVERSION = YES;
				CLANG_WARN_DEPRECATED_OBJC_IMPLEMENTATIONS = YES;
				CLANG_WARN_DIRECT_OBJC_ISA_USAGE = YES_ERROR;
				CLANG_WARN_DOCUMENTATION_COMMENTS = YES;
				CLANG_WARN_EMPTY_BODY = YES;
				CLANG_WARN_ENUM_CONVERSION = YES;
				CLANG_WARN_INFINITE_RECURSION = YES;
				CLANG_WARN_INT_CONVERSION = YES;
				CLANG_WARN_NON_LITERAL_NULL_CONVERSION = YES;
				CLANG_WARN_OBJC_IMPLICIT_RETAIN_SELF = YES;
				CLANG_WARN_OBJC_LITERAL_CONVERSION = YES;
				CLANG_WARN_OBJC_ROOT_CLASS = YES_ERROR;
				CLANG_WARN_RANGE_LOOP_ANALYSIS = YES;
				CLANG_WARN_STRICT_PROTOTYPES = YES;
				CLANG_WARN_SUSPICIOUS_MOVE = YES;
				CLANG_WARN_UNGUARDED_AVAILABILITY = YES_AGGRESSIVE;
				CLANG_WARN_UNREACHABLE_CODE = YES;
				CLANG_WARN__DUPLICATE_METHOD_MATCH = YES;
				COPY_PHASE_STRIP = NO;
				DEBUG_INFORMATION_FORMAT = dwarf;
				ENABLE_STRICT_OBJC_MSGSEND = YES;
				ENABLE_TESTABILITY = YES;
				GCC_C_LANGUAGE_STANDARD = gnu11;
				GCC_DYNAMIC_NO_PIC = NO;
				GCC_NO_COMMON_BLOCKS = YES;
				GCC_OPTIMIZATION_LEVEL = 0;
				GCC_PREPROCESSOR_DEFINITIONS = (
					"$(inherited)",
					"DEBUG=1",
				);
				GCC_WARN_64_TO_32_BIT_CONVERSION = YES;
				GCC_WARN_ABOUT_RETURN_TYPE = YES_ERROR;
				GCC_WARN_UNDECLARED_SELECTOR = YES;
				GCC_WARN_UNINITIALIZED_AUTOS = YES_AGGRESSIVE;
				GCC_WARN_UNUSED_FUNCTION = YES;
				GCC_WARN_UNUSED_VARIABLE = YES;
				MTL_ENABLE_DEBUG_INFO = YES;
				ONLY_ACTIVE_ARCH = YES;
				PRODUCT_NAME = "$(TARGET_NAME)";
				SDKROOT = macosx;
				SWIFT_ACTIVE_COMPILATION_CONDITIONS = DEBUG;
				SWIFT_OPTIMIZATION_LEVEL = "-Onone";
				SWIFT_VERSION = 5.0;
			};
			name = Debug;
		};
		CC8001B666D8100D543BE79C /* Release */ = {
			isa = XCBuildConfiguration;
			buildSettings = {
				ALWAYS_SEARCH_USER_PATHS = NO;
				CLANG_ANALYZER_NONNULL = YES;
				CLANG_ANALYZER_NUMBER_OBJECT_CONVERSION = YES_AGGRESSIVE;
				CLANG_CXX_LANGUAGE_STANDARD = "gnu++14";
				CLANG_CXX_LIBRARY = "libc++";
				CLANG_ENABLE_MODULES = YES;
				CLANG_ENABLE_OBJC_ARC = YES;
				CLANG_WARN_BLOCK_CAPTURE_AUTORELEASING = YES;
				CLANG_WARN_BOOL_CONVERSION = YES;
				CLANG_WARN_COMMA = YES;
				CLANG_WARN_CONSTANT_CONVERSION = YES;
				CLANG_WARN_DEPRECATED_OBJC_IMPLEMENTATIONS = YES;
				CLANG_WARN_DIRECT_OBJC_ISA_USAGE = YES_ERROR;
				CLANG_WARN_DOCUMENTATION_COMMENTS = YES;
				CLANG_WARN_EMPTY_BODY = YES;
				CLANG_WARN_ENUM_CONVERSION = YES;
				CLANG_WARN_INFINITE_RECURSION = YES;
				CLANG_WARN_INT_CONVERSION = YES;
				CLANG_WARN_NON_LITERAL_NULL_CONVERSION = YES;
				CLANG_WARN_OBJC_IMPLICIT_RETAIN_SELF = YES;
				CLANG_WARN_OBJC_LITERAL_CONVERSION = YES;
				CLANG_WARN_OBJC_ROOT_CLASS = YES_ERROR;
				CLANG_WARN_RANGE_LOOP_ANALYSIS = YES;
				CLANG_WARN_STRICT_PROTOTYPES = YES;
				CLANG_WARN_SUSPICIOUS_MOVE = YES;
				CLANG_WARN_UNGUARDED_AVAILABILITY = YES_AGGRESSIVE;
				CLANG_WARN_UNREACHABLE_CODE = YES;
				CLANG_WARN__DUPLICATE_METHOD_MATCH = YES;
				COPY_PHASE_STRIP = NO;
				DEBUG_INFORMATION_FORMAT = "dwarf-with-dsym";
				ENABLE_NS_ASSERTIONS = NO;
				ENABLE_STRICT_OBJC_MSGSEND = YES;
				GCC_C_LANGUAGE_STANDARD = gnu11;
				GCC_NO_COMMON_BLOCKS = YES;
				GCC_WARN_64_TO_32_BIT_CONVERSION = YES;
				GCC_WARN_ABOUT_RETURN_TYPE = YES_ERROR;
				GCC_WARN_UNDECLARED_SELECTOR = YES;
				GCC_WARN_UNINITIALIZED_AUTOS = YES_AGGRESSIVE;
				GCC_WARN_UNUSED_FUNCTION = YES;
				GCC_WARN_UNUSED_VARIABLE = YES;
				PRODUCT_NAME = "$(TARGET_NAME)";
				SDKROOT = macosx;
				SWIFT_COMPILATION_MODE = wholemodule;
				SWIFT_VERSION = 5.0;
				VALIDATE_PRODUCT = YES;
			};
			name = Release;
		};
		DFA7F6136B4271C0218EC53C /* Debug */ = {
			isa = XCBuildConfiguration;
			baseConfigurationReference = 51086EAE06F6B70330BDB5FE /* Repository-Debug.xcconfig */;
			buildSettings = {
				CODE_SIGN_IDENTITY = "";
				COMBINE_HIDPI_IMAGES = YES;
				CURRENT_PROJECT_VERSION = 1;
				DEFINES_MODULE = YES;
				DYLIB_COMPATIBILITY_VERSION = 1;
				DYLIB_CURRENT_VERSION = 1;
				DYLIB_INSTALL_NAME_BASE = "@rpath";
				FRAMEWORK_SEARCH_PATHS = (
					"$(inherited)",
					"$(PROJECT_DIR)/Carthage/Build/Mac",
				);
				INSTALL_PATH = "$(LOCAL_LIBRARY_DIR)/Frameworks";
				LD_RUNPATH_SEARCH_PATHS = (
					"$(inherited)",
					"@executable_path/../Frameworks",
				);
				SDKROOT = macosx;
				SKIP_INSTALL = YES;
				VERSIONING_SYSTEM = "apple-generic";
			};
			name = Debug;
		};
		E71CECFB022F48C7CFEC0A67 /* Release */ = {
			isa = XCBuildConfiguration;
			baseConfigurationReference = 4662E68C62FD4530B4D39CB0 /* Sample-Release.xcconfig */;
			buildSettings = {
				ASSETCATALOG_COMPILER_APPICON_NAME = AppIcon;
				COMBINE_HIDPI_IMAGES = YES;
				FRAMEWORK_SEARCH_PATHS = (
					"$(inherited)",
					"$(PROJECT_DIR)/Carthage/Build/Mac",
				);
				INFOPLIST_FILE = Sample/Info.plist;
				LD_RUNPATH_SEARCH_PATHS = (
					"$(inherited)",
					"@executable_path/../Frameworks",
				);
				SDKROOT = macosx;
			};
			name = Release;
		};
/* End XCBuildConfiguration section */

/* Begin XCConfigurationList section */
		3DA6B3319816C335CB014CC5 /* Build configuration list for PBXNativeTarget "RepositoryTests" */ = {
			isa = XCConfigurationList;
			buildConfigurations = (
				83B18C5CDD1A1C8F2A36E6F2 /* Debug */,
				0C6A620A4C8E345E889E938A /* Release */,
			);
			defaultConfigurationIsVisible = 0;
			defaultConfigurationName = Debug;
		};
		8FBFF356271EB96CD94BD3FC /* Build configuration list for PBXNativeTarget "Sample" */ = {
			isa = XCConfigurationList;
			buildConfigurations = (
				187862D01A13EFF6C21D3059 /* Debug */,
				E71CECFB022F48C7CFEC0A67 /* Release */,
			);
			defaultConfigurationIsVisible = 0;
			defaultConfigurationName = Debug;
		};
		D3D537516A62B1120ED0BF47 /* Build configuration list for PBXNativeTarget "Repository" */ = {
			isa = XCConfigurationList;
			buildConfigurations = (
				DFA7F6136B4271C0218EC53C /* Debug */,
				8A8C5921ED469D6D4673BC6C /* Release */,
			);
			defaultConfigurationIsVisible = 0;
			defaultConfigurationName = Debug;
		};
		DAEAABCA4F1BDA57B6C50343 /* Build configuration list for PBXProject "Repository" */ = {
			isa = XCConfigurationList;
			buildConfigurations = (
				CA3FE08D945806877F69B4FC /* Debug */,
				CC8001B666D8100D543BE79C /* Release */,
			);
			defaultConfigurationIsVisible = 0;
			defaultConfigurationName = Debug;
		};
/* End XCConfigurationList section */
	};
	rootObject = D776D4FCF51BF7CA8714C709 /* Project object */;
}
